
Microsoft Visual Studio Solution File, Format Version 12.00
# Visual Studio Version 17
VisualStudioVersion = 17.12.35707.178 d17.12
MinimumVisualStudioVersion = 10.0.40219.1
Project("{FAE04EC0-301F-11D3-BF4B-00C04F79EFBC}") = "WeatherAPI_MAUI", "WeatherAPI_MAUI.csproj", "{EC5E4143-9758-4E88-A1D8-1A4D80CBB506}"
EndProject
Global
	GlobalSection(SolutionConfigurationPlatforms) = preSolution
		Debug|Any CPU = Debug|Any CPU
		Release|Any CPU = Release|Any CPU
	EndGlobalSection
	GlobalSection(ProjectConfigurationPlatforms) = postSolution
		{EC5E4143-9758-4E88-A1D8-1A4D80CBB506}.Debug|Any CPU.ActiveCfg = Debug|Any CPU
		{EC5E4143-9758-4E88-A1D8-1A4D80CBB506}.Debug|Any CPU.Build.0 = Debug|Any CPU
		{EC5E4143-9758-4E88-A1D8-1A4D80CBB506}.Release|Any CPU.ActiveCfg = Release|Any CPU
		{EC5E4143-9758-4E88-A1D8-1A4D80CBB506}.Release|Any CPU.Build.0 = Release|Any CPU
	EndGlobalSection
	GlobalSection(SolutionProperties) = preSolution
		HideSolutionNode = FALSE
	EndGlobalSection
EndGlobal
